// !$*UTF8*$!
{
	archiveVersion = 1;
	classes = {
	};
	objectVersion = 48;
	objects = {

/* Begin PBXBuildFile section */
		715434AB1FCECB1A001B9D15 /* AppDelegate.swift in Sources */ = {isa = PBXBuildFile; fileRef = 715434AA1FCECB1A001B9D15 /* AppDelegate.swift */; };
		715434AD1FCECB1A001B9D15 /* ViewController.swift in Sources */ = {isa = PBXBuildFile; fileRef = 715434AC1FCECB1A001B9D15 /* ViewController.swift */; };
		715434B01FCECB1A001B9D15 /* Main.storyboard in Resources */ = {isa = PBXBuildFile; fileRef = 715434AE1FCECB1A001B9D15 /* Main.storyboard */; };
		715434B21FCECB1A001B9D15 /* Assets.xcassets in Resources */ = {isa = PBXBuildFile; fileRef = 715434B11FCECB1A001B9D15 /* Assets.xcassets */; };
		715434B51FCECB1A001B9D15 /* LaunchScreen.storyboard in Resources */ = {isa = PBXBuildFile; fileRef = 715434B31FCECB1A001B9D15 /* LaunchScreen.storyboard */; };
		715434C01FCECB1A001B9D15 /* MemsyTests.swift in Sources */ = {isa = PBXBuildFile; fileRef = 715434BF1FCECB1A001B9D15 /* MemsyTests.swift */; };
		AECD98068FE569E90C1B4DCE /* Pods_Memsy.framework in Frameworks */ = {isa = PBXBuildFile; fileRef = B1EB78818468DC667995C8AB /* Pods_Memsy.framework */; };
		BD39BBEDB3C475D51AFCA24B /* Pods_MemsyTests.framework in Frameworks */ = {isa = PBXBuildFile; fileRef = 353968EF7C07082D9FD4EE76 /* Pods_MemsyTests.framework */; };
/* End PBXBuildFile section */

/* Begin PBXContainerItemProxy section */
		715434BC1FCECB1A001B9D15 /* PBXContainerItemProxy */ = {
			isa = PBXContainerItemProxy;
			containerPortal = 7154349F1FCECB1A001B9D15 /* Project object */;
			proxyType = 1;
			remoteGlobalIDString = 715434A61FCECB1A001B9D15;
			remoteInfo = Memsy;
		};
/* End PBXContainerItemProxy section */

/* Begin PBXFileReference section */
		353968EF7C07082D9FD4EE76 /* Pods_MemsyTests.framework */ = {isa = PBXFileReference; explicitFileType = wrapper.framework; includeInIndex = 0; path = Pods_MemsyTests.framework; sourceTree = BUILT_PRODUCTS_DIR; };
		620DF72600F86D0356FD254F /* Pods-Memsy.release.xcconfig */ = {isa = PBXFileReference; includeInIndex = 1; lastKnownFileType = text.xcconfig; name = "Pods-Memsy.release.xcconfig"; path = "Pods/Target Support Files/Pods-Memsy/Pods-Memsy.release.xcconfig"; sourceTree = "<group>"; };
		715434A71FCECB1A001B9D15 /* Memsy.app */ = {isa = PBXFileReference; explicitFileType = wrapper.application; includeInIndex = 0; path = Memsy.app; sourceTree = BUILT_PRODUCTS_DIR; };
		715434AA1FCECB1A001B9D15 /* AppDelegate.swift */ = {isa = PBXFileReference; lastKnownFileType = sourcecode.swift; path = AppDelegate.swift; sourceTree = "<group>"; };
		715434AC1FCECB1A001B9D15 /* ViewController.swift */ = {isa = PBXFileReference; lastKnownFileType = sourcecode.swift; path = ViewController.swift; sourceTree = "<group>"; };
		715434AF1FCECB1A001B9D15 /* Base */ = {isa = PBXFileReference; lastKnownFileType = file.storyboard; name = Base; path = Base.lproj/Main.storyboard; sourceTree = "<group>"; };
		715434B11FCECB1A001B9D15 /* Assets.xcassets */ = {isa = PBXFileReference; lastKnownFileType = folder.assetcatalog; path = Assets.xcassets; sourceTree = "<group>"; };
		715434B41FCECB1A001B9D15 /* Base */ = {isa = PBXFileReference; lastKnownFileType = file.storyboard; name = Base; path = Base.lproj/LaunchScreen.storyboard; sourceTree = "<group>"; };
		715434B61FCECB1A001B9D15 /* Info.plist */ = {isa = PBXFileReference; lastKnownFileType = text.plist.xml; path = Info.plist; sourceTree = "<group>"; };
		715434BB1FCECB1A001B9D15 /* MemsyTests.xctest */ = {isa = PBXFileReference; explicitFileType = wrapper.cfbundle; includeInIndex = 0; path = MemsyTests.xctest; sourceTree = BUILT_PRODUCTS_DIR; };
		715434BF1FCECB1A001B9D15 /* MemsyTests.swift */ = {isa = PBXFileReference; lastKnownFileType = sourcecode.swift; path = MemsyTests.swift; sourceTree = "<group>"; };
		715434C11FCECB1A001B9D15 /* Info.plist */ = {isa = PBXFileReference; lastKnownFileType = text.plist.xml; path = Info.plist; sourceTree = "<group>"; };
		80A3937C4A3DD6D1419351B1 /* Pods-MemsyTests.release.xcconfig */ = {isa = PBXFileReference; includeInIndex = 1; lastKnownFileType = text.xcconfig; name = "Pods-MemsyTests.release.xcconfig"; path = "Pods/Target Support Files/Pods-MemsyTests/Pods-MemsyTests.release.xcconfig"; sourceTree = "<group>"; };
		9A6130CF4A025459444B7166 /* Pods-MemsyTests.debug.xcconfig */ = {isa = PBXFileReference; includeInIndex = 1; lastKnownFileType = text.xcconfig; name = "Pods-MemsyTests.debug.xcconfig"; path = "Pods/Target Support Files/Pods-MemsyTests/Pods-MemsyTests.debug.xcconfig"; sourceTree = "<group>"; };
		A3DA876B03FF534718652F7B /* Pods-Memsy.debug.xcconfig */ = {isa = PBXFileReference; includeInIndex = 1; lastKnownFileType = text.xcconfig; name = "Pods-Memsy.debug.xcconfig"; path = "Pods/Target Support Files/Pods-Memsy/Pods-Memsy.debug.xcconfig"; sourceTree = "<group>"; };
		B1EB78818468DC667995C8AB /* Pods_Memsy.framework */ = {isa = PBXFileReference; explicitFileType = wrapper.framework; includeInIndex = 0; path = Pods_Memsy.framework; sourceTree = BUILT_PRODUCTS_DIR; };
/* End PBXFileReference section */

/* Begin PBXFrameworksBuildPhase section */
		715434A41FCECB1A001B9D15 /* Frameworks */ = {
			isa = PBXFrameworksBuildPhase;
			buildActionMask = 2147483647;
			files = (
				AECD98068FE569E90C1B4DCE /* Pods_Memsy.framework in Frameworks */,
			);
			runOnlyForDeploymentPostprocessing = 0;
		};
		715434B81FCECB1A001B9D15 /* Frameworks */ = {
			isa = PBXFrameworksBuildPhase;
			buildActionMask = 2147483647;
			files = (
				BD39BBEDB3C475D51AFCA24B /* Pods_MemsyTests.framework in Frameworks */,
			);
			runOnlyForDeploymentPostprocessing = 0;
		};
/* End PBXFrameworksBuildPhase section */

/* Begin PBXGroup section */
		7154349E1FCECB1A001B9D15 = {
			isa = PBXGroup;
			children = (
				715434A91FCECB1A001B9D15 /* Memsy */,
				715434BE1FCECB1A001B9D15 /* MemsyTests */,
				715434A81FCECB1A001B9D15 /* Products */,
				A18B3F5D67EF6F8DA3561057 /* Pods */,
				F2FC0AC5CAAFC9C34D8E58F2 /* Frameworks */,
			);
			sourceTree = "<group>";
		};
		715434A81FCECB1A001B9D15 /* Products */ = {
			isa = PBXGroup;
			children = (
				715434A71FCECB1A001B9D15 /* Memsy.app */,
				715434BB1FCECB1A001B9D15 /* MemsyTests.xctest */,
			);
			name = Products;
			sourceTree = "<group>";
		};
		715434A91FCECB1A001B9D15 /* Memsy */ = {
			isa = PBXGroup;
			children = (
				715434AA1FCECB1A001B9D15 /* AppDelegate.swift */,
				715434AC1FCECB1A001B9D15 /* ViewController.swift */,
				715434AE1FCECB1A001B9D15 /* Main.storyboard */,
				715434B11FCECB1A001B9D15 /* Assets.xcassets */,
				715434B31FCECB1A001B9D15 /* LaunchScreen.storyboard */,
				715434B61FCECB1A001B9D15 /* Info.plist */,
			);
			path = Memsy;
			sourceTree = "<group>";
		};
		715434BE1FCECB1A001B9D15 /* MemsyTests */ = {
			isa = PBXGroup;
			children = (
				715434BF1FCECB1A001B9D15 /* MemsyTests.swift */,
				715434C11FCECB1A001B9D15 /* Info.plist */,
			);
			path = MemsyTests;
			sourceTree = "<group>";
		};
		A18B3F5D67EF6F8DA3561057 /* Pods */ = {
			isa = PBXGroup;
			children = (
				A3DA876B03FF534718652F7B /* Pods-Memsy.debug.xcconfig */,
				620DF72600F86D0356FD254F /* Pods-Memsy.release.xcconfig */,
				9A6130CF4A025459444B7166 /* Pods-MemsyTests.debug.xcconfig */,
				80A3937C4A3DD6D1419351B1 /* Pods-MemsyTests.release.xcconfig */,
			);
			name = Pods;
			sourceTree = "<group>";
		};
		F2FC0AC5CAAFC9C34D8E58F2 /* Frameworks */ = {
			isa = PBXGroup;
			children = (
				B1EB78818468DC667995C8AB /* Pods_Memsy.framework */,
				353968EF7C07082D9FD4EE76 /* Pods_MemsyTests.framework */,
			);
			name = Frameworks;
			sourceTree = "<group>";
		};
/* End PBXGroup section */

/* Begin PBXNativeTarget section */
		715434A61FCECB1A001B9D15 /* Memsy */ = {
			isa = PBXNativeTarget;
			buildConfigurationList = 715434C41FCECB1A001B9D15 /* Build configuration list for PBXNativeTarget "Memsy" */;
			buildPhases = (
				529669CED1884B6C915D9248 /* [CP] Check Pods Manifest.lock */,
				715434A31FCECB1A001B9D15 /* Sources */,
				715434A41FCECB1A001B9D15 /* Frameworks */,
				715434A51FCECB1A001B9D15 /* Resources */,
				F57249F2DAC5CFF44F510988 /* [CP] Embed Pods Frameworks */,
				973219017498380496C32311 /* [CP] Copy Pods Resources */,
			);
			buildRules = (
			);
			dependencies = (
			);
			name = Memsy;
			productName = Memsy;
			productReference = 715434A71FCECB1A001B9D15 /* Memsy.app */;
			productType = "com.apple.product-type.application";
		};
		715434BA1FCECB1A001B9D15 /* MemsyTests */ = {
			isa = PBXNativeTarget;
			buildConfigurationList = 715434C71FCECB1A001B9D15 /* Build configuration list for PBXNativeTarget "MemsyTests" */;
			buildPhases = (
				D15813CE97D4C6CAE5F10957 /* [CP] Check Pods Manifest.lock */,
				715434B71FCECB1A001B9D15 /* Sources */,
				715434B81FCECB1A001B9D15 /* Frameworks */,
				715434B91FCECB1A001B9D15 /* Resources */,
				FD1A5C06BCA9B1069A5D979C /* [CP] Embed Pods Frameworks */,
				F828AAFC453139C13010F60F /* [CP] Copy Pods Resources */,
			);
			buildRules = (
			);
			dependencies = (
				715434BD1FCECB1A001B9D15 /* PBXTargetDependency */,
			);
			name = MemsyTests;
			productName = MemsyTests;
			productReference = 715434BB1FCECB1A001B9D15 /* MemsyTests.xctest */;
			productType = "com.apple.product-type.bundle.unit-test";
		};
/* End PBXNativeTarget section */

/* Begin PBXProject section */
		7154349F1FCECB1A001B9D15 /* Project object */ = {
			isa = PBXProject;
			attributes = {
				LastSwiftUpdateCheck = 0920;
				LastUpgradeCheck = 0920;
				ORGANIZATIONNAME = adeveloper;
				TargetAttributes = {
					715434A61FCECB1A001B9D15 = {
						CreatedOnToolsVersion = 9.2;
						ProvisioningStyle = Automatic;
					};
					715434BA1FCECB1A001B9D15 = {
						CreatedOnToolsVersion = 9.2;
						ProvisioningStyle = Automatic;
						TestTargetID = 715434A61FCECB1A001B9D15;
					};
				};
			};
			buildConfigurationList = 715434A21FCECB1A001B9D15 /* Build configuration list for PBXProject "Memsy" */;
			compatibilityVersion = "Xcode 8.0";
			developmentRegion = en;
			hasScannedForEncodings = 0;
			knownRegions = (
				en,
				Base,
			);
			mainGroup = 7154349E1FCECB1A001B9D15;
			productRefGroup = 715434A81FCECB1A001B9D15 /* Products */;
			projectDirPath = "";
			projectRoot = "";
			targets = (
				715434A61FCECB1A001B9D15 /* Memsy */,
				715434BA1FCECB1A001B9D15 /* MemsyTests */,
			);
		};
/* End PBXProject section */

/* Begin PBXResourcesBuildPhase section */
		715434A51FCECB1A001B9D15 /* Resources */ = {
			isa = PBXResourcesBuildPhase;
			buildActionMask = 2147483647;
			files = (
				715434B51FCECB1A001B9D15 /* LaunchScreen.storyboard in Resources */,
				715434B21FCECB1A001B9D15 /* Assets.xcassets in Resources */,
				715434B01FCECB1A001B9D15 /* Main.storyboard in Resources */,
			);
			runOnlyForDeploymentPostprocessing = 0;
		};
		715434B91FCECB1A001B9D15 /* Resources */ = {
			isa = PBXResourcesBuildPhase;
			buildActionMask = 2147483647;
			files = (
			);
			runOnlyForDeploymentPostprocessing = 0;
		};
/* End PBXResourcesBuildPhase section */

/* Begin PBXShellScriptBuildPhase section */
		529669CED1884B6C915D9248 /* [CP] Check Pods Manifest.lock */ = {
			isa = PBXShellScriptBuildPhase;
			buildActionMask = 2147483647;
			files = (
			);
			inputPaths = (
				"${PODS_PODFILE_DIR_PATH}/Podfile.lock",
				"${PODS_ROOT}/Manifest.lock",
			);
			name = "[CP] Check Pods Manifest.lock";
			outputPaths = (
				"$(DERIVED_FILE_DIR)/Pods-Memsy-checkManifestLockResult.txt",
			);
			runOnlyForDeploymentPostprocessing = 0;
			shellPath = /bin/sh;
			shellScript = "diff \"${PODS_PODFILE_DIR_PATH}/Podfile.lock\" \"${PODS_ROOT}/Manifest.lock\" > /dev/null\nif [ $? != 0 ] ; then\n    # print error to STDERR\n    echo \"error: The sandbox is not in sync with the Podfile.lock. Run 'pod install' or update your CocoaPods installation.\" >&2\n    exit 1\nfi\n# This output is used by Xcode 'outputs' to avoid re-running this script phase.\necho \"SUCCESS\" > \"${SCRIPT_OUTPUT_FILE_0}\"\n";
			showEnvVarsInLog = 0;
		};
		973219017498380496C32311 /* [CP] Copy Pods Resources */ = {
			isa = PBXShellScriptBuildPhase;
			buildActionMask = 2147483647;
			files = (
			);
			inputPaths = (
			);
			name = "[CP] Copy Pods Resources";
			outputPaths = (
			);
			runOnlyForDeploymentPostprocessing = 0;
			shellPath = /bin/sh;
			shellScript = "\"${SRCROOT}/Pods/Target Support Files/Pods-Memsy/Pods-Memsy-resources.sh\"\n";
			showEnvVarsInLog = 0;
		};
		D15813CE97D4C6CAE5F10957 /* [CP] Check Pods Manifest.lock */ = {
			isa = PBXShellScriptBuildPhase;
			buildActionMask = 2147483647;
			files = (
			);
			inputPaths = (
				"${PODS_PODFILE_DIR_PATH}/Podfile.lock",
				"${PODS_ROOT}/Manifest.lock",
			);
			name = "[CP] Check Pods Manifest.lock";
			outputPaths = (
				"$(DERIVED_FILE_DIR)/Pods-MemsyTests-checkManifestLockResult.txt",
			);
			runOnlyForDeploymentPostprocessing = 0;
			shellPath = /bin/sh;
			shellScript = "diff \"${PODS_PODFILE_DIR_PATH}/Podfile.lock\" \"${PODS_ROOT}/Manifest.lock\" > /dev/null\nif [ $? != 0 ] ; then\n    # print error to STDERR\n    echo \"error: The sandbox is not in sync with the Podfile.lock. Run 'pod install' or update your CocoaPods installation.\" >&2\n    exit 1\nfi\n# This output is used by Xcode 'outputs' to avoid re-running this script phase.\necho \"SUCCESS\" > \"${SCRIPT_OUTPUT_FILE_0}\"\n";
			showEnvVarsInLog = 0;
		};
		F57249F2DAC5CFF44F510988 /* [CP] Embed Pods Frameworks */ = {
			isa = PBXShellScriptBuildPhase;
			buildActionMask = 2147483647;
			files = (
			);
			inputPaths = (
				"${SRCROOT}/Pods/Target Support Files/Pods-Memsy/Pods-Memsy-frameworks.sh",
				"${BUILT_PRODUCTS_DIR}/SnapKit/SnapKit.framework",
			);
			name = "[CP] Embed Pods Frameworks";
			outputPaths = (
				"${TARGET_BUILD_DIR}/${FRAMEWORKS_FOLDER_PATH}/SnapKit.framework",
			);
			runOnlyForDeploymentPostprocessing = 0;
			shellPath = /bin/sh;
			shellScript = "\"${SRCROOT}/Pods/Target Support Files/Pods-Memsy/Pods-Memsy-frameworks.sh\"\n";
			showEnvVarsInLog = 0;
		};
		F828AAFC453139C13010F60F /* [CP] Copy Pods Resources */ = {
			isa = PBXShellScriptBuildPhase;
			buildActionMask = 2147483647;
			files = (
			);
			inputPaths = (
			);
			name = "[CP] Copy Pods Resources";
			outputPaths = (
			);
			runOnlyForDeploymentPostprocessing = 0;
			shellPath = /bin/sh;
			shellScript = "\"${SRCROOT}/Pods/Target Support Files/Pods-MemsyTests/Pods-MemsyTests-resources.sh\"\n";
			showEnvVarsInLog = 0;
		};
		FD1A5C06BCA9B1069A5D979C /* [CP] Embed Pods Frameworks */ = {
			isa = PBXShellScriptBuildPhase;
			buildActionMask = 2147483647;
			files = (
			);
			inputPaths = (
			);
			name = "[CP] Embed Pods Frameworks";
			outputPaths = (
			);
			runOnlyForDeploymentPostprocessing = 0;
			shellPath = /bin/sh;
			shellScript = "\"${SRCROOT}/Pods/Target Support Files/Pods-MemsyTests/Pods-MemsyTests-frameworks.sh\"\n";
			showEnvVarsInLog = 0;
		};
/* End PBXShellScriptBuildPhase section */

/* Begin PBXSourcesBuildPhase section */
		715434A31FCECB1A001B9D15 /* Sources */ = {
			isa = PBXSourcesBuildPhase;
			buildActionMask = 2147483647;
			files = (
				715434AD1FCECB1A001B9D15 /* ViewController.swift in Sources */,
				715434AB1FCECB1A001B9D15 /* AppDelegate.swift in Sources */,
			);
			runOnlyForDeploymentPostprocessing = 0;
		};
		715434B71FCECB1A001B9D15 /* Sources */ = {
			isa = PBXSourcesBuildPhase;
			buildActionMask = 2147483647;
			files = (
				715434C01FCECB1A001B9D15 /* MemsyTests.swift in Sources */,
			);
			runOnlyForDeploymentPostprocessing = 0;
		};
/* End PBXSourcesBuildPhase section */

/* Begin PBXTargetDependency section */
		715434BD1FCECB1A001B9D15 /* PBXTargetDependency */ = {
			isa = PBXTargetDependency;
			target = 715434A61FCECB1A001B9D15 /* Memsy */;
			targetProxy = 715434BC1FCECB1A001B9D15 /* PBXContainerItemProxy */;
		};
/* End PBXTargetDependency section */

/* Begin PBXVariantGroup section */
		715434AE1FCECB1A001B9D15 /* Main.storyboard */ = {
			isa = PBXVariantGroup;
			children = (
				715434AF1FCECB1A001B9D15 /* Base */,
			);
			name = Main.storyboard;
			sourceTree = "<group>";
		};
		715434B31FCECB1A001B9D15 /* LaunchScreen.storyboard */ = {
			isa = PBXVariantGroup;
			children = (
				715434B41FCECB1A001B9D15 /* Base */,
			);
			name = LaunchScreen.storyboard;
			sourceTree = "<group>";
		};
/* End PBXVariantGroup section */

/* Begin XCBuildConfiguration section */
		715434C21FCECB1A001B9D15 /* Debug */ = {
			isa = XCBuildConfiguration;
			buildSettings = {
				ALWAYS_SEARCH_USER_PATHS = NO;
				CLANG_ANALYZER_NONNULL = YES;
				CLANG_ANALYZER_NUMBER_OBJECT_CONVERSION = YES_AGGRESSIVE;
				CLANG_CXX_LANGUAGE_STANDARD = "gnu++14";
				CLANG_CXX_LIBRARY = "libc++";
				CLANG_ENABLE_MODULES = YES;
				CLANG_ENABLE_OBJC_ARC = YES;
				CLANG_WARN_BLOCK_CAPTURE_AUTORELEASING = YES;
				CLANG_WARN_BOOL_CONVERSION = YES;
				CLANG_WARN_COMMA = YES;
				CLANG_WARN_CONSTANT_CONVERSION = YES;
				CLANG_WARN_DIRECT_OBJC_ISA_USAGE = YES_ERROR;
				CLANG_WARN_DOCUMENTATION_COMMENTS = YES;
				CLANG_WARN_EMPTY_BODY = YES;
				CLANG_WARN_ENUM_CONVERSION = YES;
				CLANG_WARN_INFINITE_RECURSION = YES;
				CLANG_WARN_INT_CONVERSION = YES;
				CLANG_WARN_NON_LITERAL_NULL_CONVERSION = YES;
				CLANG_WARN_OBJC_LITERAL_CONVERSION = YES;
				CLANG_WARN_OBJC_ROOT_CLASS = YES_ERROR;
				CLANG_WARN_RANGE_LOOP_ANALYSIS = YES;
				CLANG_WARN_STRICT_PROTOTYPES = YES;
				CLANG_WARN_SUSPICIOUS_MOVE = YES;
				CLANG_WARN_UNGUARDED_AVAILABILITY = YES_AGGRESSIVE;
				CLANG_WARN_UNREACHABLE_CODE = YES;
				CLANG_WARN__DUPLICATE_METHOD_MATCH = YES;
				CODE_SIGN_IDENTITY = "iPhone Developer";
				COPY_PHASE_STRIP = NO;
				DEBUG_INFORMATION_FORMAT = dwarf;
				ENABLE_STRICT_OBJC_MSGSEND = YES;
				ENABLE_TESTABILITY = YES;
				GCC_C_LANGUAGE_STANDARD = gnu11;
				GCC_DYNAMIC_NO_PIC = NO;
				GCC_NO_COMMON_BLOCKS = YES;
				GCC_OPTIMIZATION_LEVEL = 0;
				GCC_PREPROCESSOR_DEFINITIONS = (
					"DEBUG=1",
					"$(inherited)",
				);
				GCC_WARN_64_TO_32_BIT_CONVERSION = YES;
				GCC_WARN_ABOUT_RETURN_TYPE = YES_ERROR;
				GCC_WARN_UNDECLARED_SELECTOR = YES;
				GCC_WARN_UNINITIALIZED_AUTOS = YES_AGGRESSIVE;
				GCC_WARN_UNUSED_FUNCTION = YES;
				GCC_WARN_UNUSED_VARIABLE = YES;
				IPHONEOS_DEPLOYMENT_TARGET = 11.2;
				MTL_ENABLE_DEBUG_INFO = YES;
				ONLY_ACTIVE_ARCH = YES;
				SDKROOT = iphoneos;
				SWIFT_ACTIVE_COMPILATION_CONDITIONS = DEBUG;
				SWIFT_OPTIMIZATION_LEVEL = "-Onone";
			};
			name = Debug;
		};
		715434C31FCECB1A001B9D15 /* Release */ = {
			isa = XCBuildConfiguration;
			buildSettings = {
				ALWAYS_SEARCH_USER_PATHS = NO;
				CLANG_ANALYZER_NONNULL = YES;
				CLANG_ANALYZER_NUMBER_OBJECT_CONVERSION = YES_AGGRESSIVE;
				CLANG_CXX_LANGUAGE_STANDARD = "gnu++14";
				CLANG_CXX_LIBRARY = "libc++";
				CLANG_ENABLE_MODULES = YES;
				CLANG_ENABLE_OBJC_ARC = YES;
				CLANG_WARN_BLOCK_CAPTURE_AUTORELEASING = YES;
				CLANG_WARN_BOOL_CONVERSION = YES;
				CLANG_WARN_COMMA = YES;
				CLANG_WARN_CONSTANT_CONVERSION = YES;
				CLANG_WARN_DIRECT_OBJC_ISA_USAGE = YES_ERROR;
				CLANG_WARN_DOCUMENTATION_COMMENTS = YES;
				CLANG_WARN_EMPTY_BODY = YES;
				CLANG_WARN_ENUM_CONVERSION = YES;
				CLANG_WARN_INFINITE_RECURSION = YES;
				CLANG_WARN_INT_CONVERSION = YES;
				CLANG_WARN_NON_LITERAL_NULL_CONVERSION = YES;
				CLANG_WARN_OBJC_LITERAL_CONVERSION = YES;
				CLANG_WARN_OBJC_ROOT_CLASS = YES_ERROR;
				CLANG_WARN_RANGE_LOOP_ANALYSIS = YES;
				CLANG_WARN_STRICT_PROTOTYPES = YES;
				CLANG_WARN_SUSPICIOUS_MOVE = YES;
				CLANG_WARN_UNGUARDED_AVAILABILITY = YES_AGGRESSIVE;
				CLANG_WARN_UNREACHABLE_CODE = YES;
				CLANG_WARN__DUPLICATE_METHOD_MATCH = YES;
				CODE_SIGN_IDENTITY = "iPhone Developer";
				COPY_PHASE_STRIP = NO;
				DEBUG_INFORMATION_FORMAT = "dwarf-with-dsym";
				ENABLE_NS_ASSERTIONS = NO;
				ENABLE_STRICT_OBJC_MSGSEND = YES;
				GCC_C_LANGUAGE_STANDARD = gnu11;
				GCC_NO_COMMON_BLOCKS = YES;
				GCC_WARN_64_TO_32_BIT_CONVERSION = YES;
				GCC_WARN_ABOUT_RETURN_TYPE = YES_ERROR;
				GCC_WARN_UNDECLARED_SELECTOR = YES;
				GCC_WARN_UNINITIALIZED_AUTOS = YES_AGGRESSIVE;
				GCC_WARN_UNUSED_FUNCTION = YES;
				GCC_WARN_UNUSED_VARIABLE = YES;
				IPHONEOS_DEPLOYMENT_TARGET = 11.2;
				MTL_ENABLE_DEBUG_INFO = NO;
				SDKROOT = iphoneos;
				SWIFT_OPTIMIZATION_LEVEL = "-Owholemodule";
				VALIDATE_PRODUCT = YES;
			};
			name = Release;
		};
		715434C51FCECB1A001B9D15 /* Debug */ = {
			isa = XCBuildConfiguration;
			baseConfigurationReference = A3DA876B03FF534718652F7B /* Pods-Memsy.debug.xcconfig */;
			buildSettings = {
				ASSETCATALOG_COMPILER_APPICON_NAME = AppIcon;
				CODE_SIGN_STYLE = Automatic;
				INFOPLIST_FILE = Memsy/Info.plist;
				IPHONEOS_DEPLOYMENT_TARGET = 11.0;
				LD_RUNPATH_SEARCH_PATHS = "$(inherited) @executable_path/Frameworks";
				PRODUCT_BUNDLE_IDENTIFIER = adeveloper.Memsy;
				PRODUCT_NAME = "$(TARGET_NAME)";
				SWIFT_VERSION = 4.0;
				TARGETED_DEVICE_FAMILY = "1,2";
			};
			name = Debug;
		};
		715434C61FCECB1A001B9D15 /* Release */ = {
			isa = XCBuildConfiguration;
			baseConfigurationReference = 620DF72600F86D0356FD254F /* Pods-Memsy.release.xcconfig */;
			buildSettings = {
				ASSETCATALOG_COMPILER_APPICON_NAME = AppIcon;
				CODE_SIGN_STYLE = Automatic;
				INFOPLIST_FILE = Memsy/Info.plist;
				IPHONEOS_DEPLOYMENT_TARGET = 11.0;
				LD_RUNPATH_SEARCH_PATHS = "$(inherited) @executable_path/Frameworks";
				PRODUCT_BUNDLE_IDENTIFIER = adeveloper.Memsy;
				PRODUCT_NAME = "$(TARGET_NAME)";
				SWIFT_VERSION = 4.0;
				TARGETED_DEVICE_FAMILY = "1,2";
			};
			name = Release;
		};
		715434C81FCECB1A001B9D15 /* Debug */ = {
			isa = XCBuildConfiguration;
			baseConfigurationReference = 9A6130CF4A025459444B7166 /* Pods-MemsyTests.debug.xcconfig */;
			buildSettings = {
				ALWAYS_EMBED_SWIFT_STANDARD_LIBRARIES = YES;
				BUNDLE_LOADER = "$(TEST_HOST)";
				CODE_SIGN_STYLE = Automatic;
				INFOPLIST_FILE = MemsyTests/Info.plist;
				LD_RUNPATH_SEARCH_PATHS = "$(inherited) @executable_path/Frameworks @loader_path/Frameworks";
				PRODUCT_BUNDLE_IDENTIFIER = adeveloper.MemsyTests;
				PRODUCT_NAME = "$(TARGET_NAME)";
				SWIFT_VERSION = 4.0;
				TARGETED_DEVICE_FAMILY = "1,2";
				TEST_HOST = "$(BUILT_PRODUCTS_DIR)/Memsy.app/Memsy";
			};
			name = Debug;
		};
		715434C91FCECB1A001B9D15 /* Release */ = {
			isa = XCBuildConfiguration;
			baseConfigurationReference = 80A3937C4A3DD6D1419351B1 /* Pods-MemsyTests.release.xcconfig */;
			buildSettings = {
				ALWAYS_EMBED_SWIFT_STANDARD_LIBRARIES = YES;
				BUNDLE_LOADER = "$(TEST_HOST)";
				CODE_SIGN_STYLE = Automatic;
				INFOPLIST_FILE = MemsyTests/Info.plist;
				LD_RUNPATH_SEARCH_PATHS = "$(inherited) @executable_path/Frameworks @loader_path/Frameworks";
				PRODUCT_BUNDLE_IDENTIFIER = adeveloper.MemsyTests;
				PRODUCT_NAME = "$(TARGET_NAME)";
				SWIFT_VERSION = 4.0;
				TARGETED_DEVICE_FAMILY = "1,2";
				TEST_HOST = "$(BUILT_PRODUCTS_DIR)/Memsy.app/Memsy";
			};
			name = Release;
		};
/* End XCBuildConfiguration section */

/* Begin XCConfigurationList section */
		715434A21FCECB1A001B9D15 /* Build configuration list for PBXProject "Memsy" */ = {
			isa = XCConfigurationList;
			buildConfigurations = (
				715434C21FCECB1A001B9D15 /* Debug */,
				715434C31FCECB1A001B9D15 /* Release */,
			);
			defaultConfigurationIsVisible = 0;
			defaultConfigurationName = Release;
		};
		715434C41FCECB1A001B9D15 /* Build configuration list for PBXNativeTarget "Memsy" */ = {
			isa = XCConfigurationList;
			buildConfigurations = (
				715434C51FCECB1A001B9D15 /* Debug */,
				715434C61FCECB1A001B9D15 /* Release */,
			);
			defaultConfigurationIsVisible = 0;
			defaultConfigurationName = Release;
		};
		715434C71FCECB1A001B9D15 /* Build configuration list for PBXNativeTarget "MemsyTests" */ = {
			isa = XCConfigurationList;
			buildConfigurations = (
				715434C81FCECB1A001B9D15 /* Debug */,
				715434C91FCECB1A001B9D15 /* Release */,
			);
			defaultConfigurationIsVisible = 0;
			defaultConfigurationName = Release;
		};
/* End XCConfigurationList section */
	};
	rootObject = 7154349F1FCECB1A001B9D15 /* Project object */;
}
